
Microsoft Visual Studio Solution File, Format Version 12.00
# Visual Studio Version 16
VisualStudioVersion = 16.0.31402.337
MinimumVisualStudioVersion = 10.0.40219.1
Project("{FAE04EC0-301F-11D3-BF4B-00C04F79EFBC}") = "adicional1", "adicional1\adicional1.csproj", "{56AC978F-4C73-4A6B-A0CD-9CE3F80DBD6D}"
EndProject
Global
	GlobalSection(SolutionConfigurationPlatforms) = preSolution
		Debug|Any CPU = Debug|Any CPU
		Release|Any CPU = Release|Any CPU
	EndGlobalSection
	GlobalSection(ProjectConfigurationPlatforms) = postSolution
		{56AC978F-4C73-4A6B-A0CD-9CE3F80DBD6D}.Debug|Any CPU.ActiveCfg = Debug|Any CPU
		{56AC978F-4C73-4A6B-A0CD-9CE3F80DBD6D}.Debug|Any CPU.Build.0 = Debug|Any CPU
		{56AC978F-4C73-4A6B-A0CD-9CE3F80DBD6D}.Release|Any CPU.ActiveCfg = Release|Any CPU
		{56AC978F-4C73-4A6B-A0CD-9CE3F80DBD6D}.Release|Any CPU.Build.0 = Release|Any CPU
	EndGlobalSection
	GlobalSection(SolutionProperties) = preSolution
		HideSolutionNode = FALSE
	EndGlobalSection
	GlobalSection(ExtensibilityGlobals) = postSolution
		SolutionGuid = {13D7A619-E8CC-495F-B195-FE680206E4FE}
	EndGlobalSection
EndGlobal
