
Microsoft Visual Studio Solution File, Format Version 12.00
# Visual Studio Version 16
VisualStudioVersion = 16.0.31424.327
MinimumVisualStudioVersion = 10.0.40219.1
Project("{FAE04EC0-301F-11D3-BF4B-00C04F79EFBC}") = "GDIPlus", "GDIPlus\GDIPlus.csproj", "{E08D19D2-B765-4E45-BAE9-EEB95C810DA9}"
EndProject
Global
	GlobalSection(SolutionConfigurationPlatforms) = preSolution
		Debug|Any CPU = Debug|Any CPU
		Release|Any CPU = Release|Any CPU
	EndGlobalSection
	GlobalSection(ProjectConfigurationPlatforms) = postSolution
		{E08D19D2-B765-4E45-BAE9-EEB95C810DA9}.Debug|Any CPU.ActiveCfg = Debug|Any CPU
		{E08D19D2-B765-4E45-BAE9-EEB95C810DA9}.Debug|Any CPU.Build.0 = Debug|Any CPU
		{E08D19D2-B765-4E45-BAE9-EEB95C810DA9}.Release|Any CPU.ActiveCfg = Release|Any CPU
		{E08D19D2-B765-4E45-BAE9-EEB95C810DA9}.Release|Any CPU.Build.0 = Release|Any CPU
	EndGlobalSection
	GlobalSection(SolutionProperties) = preSolution
		HideSolutionNode = FALSE
	EndGlobalSection
	GlobalSection(ExtensibilityGlobals) = postSolution
		SolutionGuid = {D0F6979C-24E5-447A-A9BA-10A84B3024C8}
	EndGlobalSection
EndGlobal
