
Microsoft Visual Studio Solution File, Format Version 12.00
# Visual Studio Version 16
VisualStudioVersion = 16.0.31424.327
MinimumVisualStudioVersion = 10.0.40219.1
Project("{FAE04EC0-301F-11D3-BF4B-00C04F79EFBC}") = "Imprimir", "Imprimir\Imprimir.csproj", "{245EE46C-E240-4F69-8198-8020528348FD}"
EndProject
Global
	GlobalSection(SolutionConfigurationPlatforms) = preSolution
		Debug|Any CPU = Debug|Any CPU
		Release|Any CPU = Release|Any CPU
	EndGlobalSection
	GlobalSection(ProjectConfigurationPlatforms) = postSolution
		{245EE46C-E240-4F69-8198-8020528348FD}.Debug|Any CPU.ActiveCfg = Debug|Any CPU
		{245EE46C-E240-4F69-8198-8020528348FD}.Debug|Any CPU.Build.0 = Debug|Any CPU
		{245EE46C-E240-4F69-8198-8020528348FD}.Release|Any CPU.ActiveCfg = Release|Any CPU
		{245EE46C-E240-4F69-8198-8020528348FD}.Release|Any CPU.Build.0 = Release|Any CPU
	EndGlobalSection
	GlobalSection(SolutionProperties) = preSolution
		HideSolutionNode = FALSE
	EndGlobalSection
	GlobalSection(ExtensibilityGlobals) = postSolution
		SolutionGuid = {A4639C80-2F57-4014-8805-496738A48906}
	EndGlobalSection
EndGlobal
